{
  "version": 4,
  "terraform_version": "1.4.6",
  "serial": 16,
  "lineage": "361c0fcf-5a19-558b-945f-62639bf727c6",
  "outputs": {},
  "resources": [
    {
      "module": "module.webserverModule",
      "mode": "managed",
      "type": "azurerm_linux_virtual_machine",
      "name": "obabnginx",
      "provider": "module.webserverModule.provider[\"registry.terraform.io/hashicorp/azurerm\"]",
      "instances": [
        {
          "schema_version": 0,
          "attributes": {
            "additional_capabilities": [],
            "admin_password": "Azertyuiop1234",
            "admin_ssh_key": [],
            "admin_username": "obabadmin",
            "allow_extension_operations": true,
            "availability_set_id": "",
            "boot_diagnostics": [],
            "capacity_reservation_group_id": "",
            "computer_name": "obabnginx",
            "custom_data": "IyEvYmluL2Jhc2gNCg0KI0luc3RhbGxpbmcgRG9ja2VyIA0Kc3VkbyBhcHQgLXkgdXBkYXRlDQpzdWRvIGFwdCAteSBpbnN0YWxsIGFwdC10cmFuc3BvcnQtaHR0cHMgY2EtY2VydGlmaWNhdGVzIGN1cmwgc29mdHdhcmUtcHJvcGVydGllcy1jb21tb24NCmN1cmwgLWZzU0wgaHR0cHM6Ly9kb3dubG9hZC5kb2NrZXIuY29tL2xpbnV4L3VidW50dS9ncGcgfCBzdWRvIGFwdC1rZXkgYWRkIC0NCnN1ZG8gYWRkLWFwdC1yZXBvc2l0b3J5ICJkZWIgW2FyY2g9YW1kNjRdIGh0dHBzOi8vZG93bmxvYWQuZG9ja2VyLmNvbS9saW51eC91YnVudHUgZm9jYWwgc3RhYmxlIg0Kc3VkbyBhcHQgLXkgdXBkYXRlDQpzdWRvIGFwdCAteSBpbnN0YWxsIGRvY2tlci1jZQ0KDQojQ3JlYXRpbmcgY29udGFpbmVyIA0Kc3VkbyBkb2NrZXIgcnVuIC1kIC1wIDgwOjgwIG9iYWIvbmdpbngtcGVyc29uYWxpc2VkLXdpdGgtaW5kZXguaHRtbDpsYXRlc3QNCg==",
            "dedicated_host_group_id": "",
            "dedicated_host_id": "",
            "disable_password_authentication": false,
            "edge_zone": "",
            "encryption_at_host_enabled": false,
            "eviction_policy": "",
            "extensions_time_budget": "PT1H30M",
            "gallery_application": [],
            "id": "/subscriptions/393e3de3-0900-4b72-8f1b-fb3b1d6b97f1/resourceGroups/obab_Staging_NGINX/providers/Microsoft.Compute/virtualMachines/nginx-obabwebserver",
            "identity": [],
            "license_type": "",
            "location": "francecentral",
            "max_bid_price": -1,
            "name": "nginx-obabwebserver",
            "network_interface_ids": [
              "/subscriptions/393e3de3-0900-4b72-8f1b-fb3b1d6b97f1/resourceGroups/obab_Staging_NGINX/providers/Microsoft.Network/networkInterfaces/nginx-interface"
            ],
            "os_disk": [
              {
                "caching": "ReadWrite",
                "diff_disk_settings": [],
                "disk_encryption_set_id": "",
                "disk_size_gb": 30,
                "name": "nginxdisk01",
                "secure_vm_disk_encryption_set_id": "",
                "security_encryption_type": "",
                "storage_account_type": "Standard_LRS",
                "write_accelerator_enabled": false
              }
            ],
            "patch_assessment_mode": "ImageDefault",
            "patch_mode": "ImageDefault",
            "plan": [],
            "platform_fault_domain": -1,
            "priority": "Regular",
            "private_ip_address": "10.0.1.4",
            "private_ip_addresses": [
              "10.0.1.4"
            ],
            "provision_vm_agent": true,
            "proximity_placement_group_id": "",
            "public_ip_address": "20.111.24.75",
            "public_ip_addresses": [
              "20.111.24.75"
            ],
            "resource_group_name": "obab_Staging_NGINX",
            "secret": [],
            "secure_boot_enabled": false,
            "size": "Standard_F2",
            "source_image_id": "",
            "source_image_reference": [
              {
                "offer": "UbuntuServer",
                "publisher": "Canonical",
                "sku": "18.04-LTS",
                "version": "latest"
              }
            ],
            "tags": {
              "costcenter": "it",
              "environment": "Staging"
            },
            "termination_notification": null,
            "timeouts": null,
            "user_data": "",
            "virtual_machine_id": "ad862ee4-8d09-4018-a3b3-1350a36bf219",
            "virtual_machine_scale_set_id": "",
            "vtpm_enabled": false,
            "zone": ""
          },
          "sensitive_attributes": [],
          "private": "eyJlMmJmYjczMC1lY2FhLTExZTYtOGY4OC0zNDM2M2JjN2M0YzAiOnsiY3JlYXRlIjoyNzAwMDAwMDAwMDAwLCJkZWxldGUiOjI3MDAwMDAwMDAwMDAsInJlYWQiOjMwMDAwMDAwMDAwMCwidXBkYXRlIjoyNzAwMDAwMDAwMDAwfX0=",
          "dependencies": [
            "module.webserverModule.azurerm_network_interface.obabwebserver",
            "module.webserverModule.azurerm_public_ip.obabwebserver_public_ip",
            "module.webserverModule.azurerm_resource_group.obabwebserver",
            "module.webserverModule.azurerm_subnet.obabwebserver-subnet",
            "module.webserverModule.azurerm_virtual_network.obabwebserver-net"
          ]
        }
      ]
    },
    {
      "module": "module.webserverModule",
      "mode": "managed",
      "type": "azurerm_network_interface",
      "name": "obabwebserver",
      "provider": "module.webserverModule.provider[\"registry.terraform.io/hashicorp/azurerm\"]",
      "instances": [
        {
          "schema_version": 0,
          "attributes": {
            "applied_dns_servers": [],
            "dns_servers": [],
            "edge_zone": "",
            "enable_accelerated_networking": false,
            "enable_ip_forwarding": false,
            "id": "/subscriptions/393e3de3-0900-4b72-8f1b-fb3b1d6b97f1/resourceGroups/obab_Staging_NGINX/providers/Microsoft.Network/networkInterfaces/nginx-interface",
            "internal_dns_name_label": "",
            "internal_domain_name_suffix": "ixgrlo0g4gcunlr1sv2rlu1hma.parx.internal.cloudapp.net",
            "ip_configuration": [
              {
                "gateway_load_balancer_frontend_ip_configuration_id": "",
                "name": "internal",
                "primary": true,
                "private_ip_address": "10.0.1.4",
                "private_ip_address_allocation": "Dynamic",
                "private_ip_address_version": "IPv4",
                "public_ip_address_id": "/subscriptions/393e3de3-0900-4b72-8f1b-fb3b1d6b97f1/resourceGroups/obab_Staging_NGINX/providers/Microsoft.Network/publicIPAddresses/obabwebserver_public_ip",
                "subnet_id": "/subscriptions/393e3de3-0900-4b72-8f1b-fb3b1d6b97f1/resourceGroups/obab_Staging_NGINX/providers/Microsoft.Network/virtualNetworks/obabwebserver-net/subnets/subnet01"
              }
            ],
            "location": "francecentral",
            "mac_address": "",
            "name": "nginx-interface",
            "private_ip_address": "10.0.1.4",
            "private_ip_addresses": [
              "10.0.1.4"
            ],
            "resource_group_name": "obab_Staging_NGINX",
            "tags": null,
            "timeouts": null,
            "virtual_machine_id": ""
          },
          "sensitive_attributes": [],
          "private": "eyJlMmJmYjczMC1lY2FhLTExZTYtOGY4OC0zNDM2M2JjN2M0YzAiOnsiY3JlYXRlIjoxODAwMDAwMDAwMDAwLCJkZWxldGUiOjE4MDAwMDAwMDAwMDAsInJlYWQiOjMwMDAwMDAwMDAwMCwidXBkYXRlIjoxODAwMDAwMDAwMDAwfX0=",
          "dependencies": [
            "module.webserverModule.azurerm_public_ip.obabwebserver_public_ip",
            "module.webserverModule.azurerm_resource_group.obabwebserver",
            "module.webserverModule.azurerm_subnet.obabwebserver-subnet",
            "module.webserverModule.azurerm_virtual_network.obabwebserver-net"
          ]
        }
      ]
    },
    {
      "module": "module.webserverModule",
      "mode": "managed",
      "type": "azurerm_network_security_group",
      "name": "allowedports",
      "provider": "module.webserverModule.provider[\"registry.terraform.io/hashicorp/azurerm\"]",
      "instances": [
        {
          "schema_version": 0,
          "attributes": {
            "id": "/subscriptions/393e3de3-0900-4b72-8f1b-fb3b1d6b97f1/resourceGroups/obab_Staging_NGINX/providers/Microsoft.Network/networkSecurityGroups/allowedports",
            "location": "francecentral",
            "name": "allowedports",
            "resource_group_name": "obab_Staging_NGINX",
            "security_rule": [
              {
                "access": "Allow",
                "description": "",
                "destination_address_prefix": "*",
                "destination_address_prefixes": [],
                "destination_application_security_group_ids": [],
                "destination_port_range": "22",
                "destination_port_ranges": [],
                "direction": "Inbound",
                "name": "ssh",
                "priority": 300,
                "protocol": "Tcp",
                "source_address_prefix": "*",
                "source_address_prefixes": [],
                "source_application_security_group_ids": [],
                "source_port_range": "*",
                "source_port_ranges": []
              },
              {
                "access": "Allow",
                "description": "",
                "destination_address_prefix": "*",
                "destination_address_prefixes": [],
                "destination_application_security_group_ids": [],
                "destination_port_range": "443",
                "destination_port_ranges": [],
                "direction": "Inbound",
                "name": "https",
                "priority": 200,
                "protocol": "Tcp",
                "source_address_prefix": "*",
                "source_address_prefixes": [],
                "source_application_security_group_ids": [],
                "source_port_range": "*",
                "source_port_ranges": []
              },
              {
                "access": "Allow",
                "description": "",
                "destination_address_prefix": "*",
                "destination_address_prefixes": [],
                "destination_application_security_group_ids": [],
                "destination_port_range": "80",
                "destination_port_ranges": [],
                "direction": "Inbound",
                "name": "http",
                "priority": 100,
                "protocol": "Tcp",
                "source_address_prefix": "*",
                "source_address_prefixes": [],
                "source_application_security_group_ids": [],
                "source_port_range": "*",
                "source_port_ranges": []
              }
            ],
            "tags": null,
            "timeouts": null
          },
          "sensitive_attributes": [],
          "private": "eyJlMmJmYjczMC1lY2FhLTExZTYtOGY4OC0zNDM2M2JjN2M0YzAiOnsiY3JlYXRlIjoxODAwMDAwMDAwMDAwLCJkZWxldGUiOjE4MDAwMDAwMDAwMDAsInJlYWQiOjMwMDAwMDAwMDAwMCwidXBkYXRlIjoxODAwMDAwMDAwMDAwfX0=",
          "dependencies": [
            "module.webserverModule.azurerm_resource_group.obabwebserver"
          ]
        }
      ]
    },
    {
      "module": "module.webserverModule",
      "mode": "managed",
      "type": "azurerm_public_ip",
      "name": "obabwebserver_public_ip",
      "provider": "module.webserverModule.provider[\"registry.terraform.io/hashicorp/azurerm\"]",
      "instances": [
        {
          "schema_version": 0,
          "attributes": {
            "allocation_method": "Dynamic",
            "ddos_protection_mode": "VirtualNetworkInherited",
            "ddos_protection_plan_id": null,
            "domain_name_label": null,
            "edge_zone": "",
            "fqdn": null,
            "id": "/subscriptions/393e3de3-0900-4b72-8f1b-fb3b1d6b97f1/resourceGroups/obab_Staging_NGINX/providers/Microsoft.Network/publicIPAddresses/obabwebserver_public_ip",
            "idle_timeout_in_minutes": 4,
            "ip_address": "",
            "ip_tags": null,
            "ip_version": "IPv4",
            "location": "francecentral",
            "name": "obabwebserver_public_ip",
            "public_ip_prefix_id": null,
            "resource_group_name": "obab_Staging_NGINX",
            "reverse_fqdn": null,
            "sku": "Basic",
            "sku_tier": "Regional",
            "tags": {
              "costcenter": "it",
              "environment": "Staging"
            },
            "timeouts": null,
            "zones": null
          },
          "sensitive_attributes": [],
          "private": "eyJlMmJmYjczMC1lY2FhLTExZTYtOGY4OC0zNDM2M2JjN2M0YzAiOnsiY3JlYXRlIjoxODAwMDAwMDAwMDAwLCJkZWxldGUiOjE4MDAwMDAwMDAwMDAsInJlYWQiOjMwMDAwMDAwMDAwMCwidXBkYXRlIjoxODAwMDAwMDAwMDAwfX0=",
          "dependencies": [
            "module.webserverModule.azurerm_resource_group.obabwebserver"
          ]
        }
      ]
    },
    {
      "module": "module.webserverModule",
      "mode": "managed",
      "type": "azurerm_resource_group",
      "name": "obabwebserver",
      "provider": "module.webserverModule.provider[\"registry.terraform.io/hashicorp/azurerm\"]",
      "instances": [
        {
          "schema_version": 0,
          "attributes": {
            "id": "/subscriptions/393e3de3-0900-4b72-8f1b-fb3b1d6b97f1/resourceGroups/obab_Staging_NGINX",
            "location": "francecentral",
            "name": "obab_Staging_NGINX",
            "tags": null,
            "timeouts": null
          },
          "sensitive_attributes": [],
          "private": "eyJlMmJmYjczMC1lY2FhLTExZTYtOGY4OC0zNDM2M2JjN2M0YzAiOnsiY3JlYXRlIjo1NDAwMDAwMDAwMDAwLCJkZWxldGUiOjU0MDAwMDAwMDAwMDAsInJlYWQiOjMwMDAwMDAwMDAwMCwidXBkYXRlIjo1NDAwMDAwMDAwMDAwfX0="
        }
      ]
    },
    {
      "module": "module.webserverModule",
      "mode": "managed",
      "type": "azurerm_subnet",
      "name": "obabwebserver-subnet",
      "provider": "module.webserverModule.provider[\"registry.terraform.io/hashicorp/azurerm\"]",
      "instances": [
        {
          "schema_version": 0,
          "attributes": {
            "address_prefixes": [
              "10.0.1.0/24"
            ],
            "delegation": [],
            "enforce_private_link_endpoint_network_policies": false,
            "enforce_private_link_service_network_policies": true,
            "id": "/subscriptions/393e3de3-0900-4b72-8f1b-fb3b1d6b97f1/resourceGroups/obab_Staging_NGINX/providers/Microsoft.Network/virtualNetworks/obabwebserver-net/subnets/subnet01",
            "name": "subnet01",
            "private_endpoint_network_policies_enabled": true,
            "private_link_service_network_policies_enabled": false,
            "resource_group_name": "obab_Staging_NGINX",
            "service_endpoint_policy_ids": null,
            "service_endpoints": null,
            "timeouts": null,
            "virtual_network_name": "obabwebserver-net"
          },
          "sensitive_attributes": [],
          "private": "eyJlMmJmYjczMC1lY2FhLTExZTYtOGY4OC0zNDM2M2JjN2M0YzAiOnsiY3JlYXRlIjoxODAwMDAwMDAwMDAwLCJkZWxldGUiOjE4MDAwMDAwMDAwMDAsInJlYWQiOjMwMDAwMDAwMDAwMCwidXBkYXRlIjoxODAwMDAwMDAwMDAwfX0=",
          "dependencies": [
            "module.webserverModule.azurerm_resource_group.obabwebserver",
            "module.webserverModule.azurerm_virtual_network.obabwebserver-net"
          ]
        }
      ]
    },
    {
      "module": "module.webserverModule",
      "mode": "managed",
      "type": "azurerm_virtual_network",
      "name": "obabwebserver-net",
      "provider": "module.webserverModule.provider[\"registry.terraform.io/hashicorp/azurerm\"]",
      "instances": [
        {
          "schema_version": 0,
          "attributes": {
            "address_space": [
              "10.0.0.0/16"
            ],
            "bgp_community": "",
            "ddos_protection_plan": [],
            "dns_servers": [],
            "edge_zone": "",
            "flow_timeout_in_minutes": 0,
            "guid": "bb15cd45-f146-4685-ae3b-957915d36760",
            "id": "/subscriptions/393e3de3-0900-4b72-8f1b-fb3b1d6b97f1/resourceGroups/obab_Staging_NGINX/providers/Microsoft.Network/virtualNetworks/obabwebserver-net",
            "location": "francecentral",
            "name": "obabwebserver-net",
            "resource_group_name": "obab_Staging_NGINX",
            "subnet": [],
            "tags": null,
            "timeouts": null
          },
          "sensitive_attributes": [],
          "private": "eyJlMmJmYjczMC1lY2FhLTExZTYtOGY4OC0zNDM2M2JjN2M0YzAiOnsiY3JlYXRlIjoxODAwMDAwMDAwMDAwLCJkZWxldGUiOjE4MDAwMDAwMDAwMDAsInJlYWQiOjMwMDAwMDAwMDAwMCwidXBkYXRlIjoxODAwMDAwMDAwMDAwfX0=",
          "dependencies": [
            "module.webserverModule.azurerm_resource_group.obabwebserver"
          ]
        }
      ]
    }
  ],
  "check_results": null
}
